<?xml version="1.0" encoding="UTF-8" standalone="yes" ?>
<CodeBlocks_project_file>
	<FileVersion major="1" minor="6" />
	<Project>
		<Option title="Mahjong" />
		<Option pch_mode="2" />
		<Option compiler="gcc" />
		<Build>
			<Target title="Debug">
				<Option output="bin/Debug/Mahjong" prefix_auto="1" extension_auto="1" />
				<Option working_dir="../Mahjong" />
				<Option object_output="obj/Debug/" />
				<Option type="1" />
				<Option compiler="gcc" />
				<Compiler>
					<Add option="-g" />
					<Add directory="include" />
				</Compiler>
			</Target>
			<Target title="Release">
				<Option output="bin/Release/Mahjong" prefix_auto="1" extension_auto="1" />
				<Option working_dir="C:/MinGW/bin" />
				<Option object_output="obj/Release/" />
				<Option type="0" />
				<Option compiler="gcc" />
				<Compiler>
					<Add option="-O2" />
					<Add directory="include" />
				</Compiler>
				<Linker>
					<Add option="-s" />
				</Linker>
			</Target>
		</Build>
		<Compiler>
			<Add option="-Wall" />
			<Add directory="C:/MinGW/include" />
		</Compiler>
		<Linker>
			<Add library="glut32" />
			<Add library="opengl32" />
			<Add library="glu32" />
			<Add library="winmm" />
			<Add library="gdi32" />
			<Add directory="C:/MinGW/lib" />
		</Linker>
		<Unit filename="Command.cpp" />
		<Unit filename="Draw.cpp" />
		<Unit filename="Game.cpp" />
		<Unit filename="InputHandler.cpp" />
		<Unit filename="Obj.cpp" />
		<Unit filename="Player.cpp" />
		<Unit filename="Tile.cpp" />
		<Unit filename="Turn.cpp" />
		<Unit filename="include/Command.h" />
		<Unit filename="include/Draw.h" />
		<Unit filename="include/Game.h" />
		<Unit filename="include/InputHandler.h" />
		<Unit filename="include/Obj.h" />
		<Unit filename="include/Player.h" />
		<Unit filename="include/Tile.h" />
		<Unit filename="include/Turn.h" />
		<Unit filename="main.cpp" />
		<Unit filename="resources/SOIL.h" />
		<Unit filename="resources/tile.h" />
		<Unit filename="resources/tile.mtl" />
		<Unit filename="resources/tile.obj" />
		<Unit filename="resources/tile_with_img.h" />
		<Unit filename="resources/tile_with_img.mtl" />
		<Unit filename="resources/tile_with_img.obj" />
		<Extensions>
			<code_completion />
			<envvars />
			<debugger />
		</Extensions>
	</Project>
</CodeBlocks_project_file>
