<?xml version="1.0" encoding="utf-8"?>
<Project ToolsVersion="4.0" xmlns="http://schemas.microsoft.com/developer/msbuild/2003">
  <ItemGroup>
    <Filter Include="Resource Files">
      <UniqueIdentifier>{67DA6AB6-F800-4c08-8B7A-83BB121AAD01}</UniqueIdentifier>
      <Extensions>rc;ico;cur;bmp;dlg;rc2;rct;bin;rgs;gif;jpg;jpeg;jpe;resx;tiff;tif;png;wav;mfcribbon-ms</Extensions>
    </Filter>
    <Filter Include="Header Files">
      <UniqueIdentifier>{694e810f-3835-4fed-b5dc-d41507f997ac}</UniqueIdentifier>
    </Filter>
    <Filter Include="SourceFiles">
      <UniqueIdentifier>{c158411c-6946-4601-b468-779a2bd17a9f}</UniqueIdentifier>
    </Filter>
    <Filter Include="resources">
      <UniqueIdentifier>{086fc7bd-f60a-43f3-8bbc-335cc775b09c}</UniqueIdentifier>
    </Filter>
    <Filter Include="resources\images">
      <UniqueIdentifier>{94138861-3f6d-45a7-bf1d-c8a1fd1fea9c}</UniqueIdentifier>
    </Filter>
  </ItemGroup>
  <ItemGroup>
    <ClInclude Include="..\include\AIPlayer.h">
      <Filter>Header Files</Filter>
    </ClInclude>
    <ClInclude Include="..\include\Draw.h">
      <Filter>Header Files</Filter>
    </ClInclude>
    <ClInclude Include="..\include\Game.h">
      <Filter>Header Files</Filter>
    </ClInclude>
    <ClInclude Include="..\include\HandEvaluator.h">
      <Filter>Header Files</Filter>
    </ClInclude>
    <ClInclude Include="..\include\HumanPlayer.h">
      <Filter>Header Files</Filter>
    </ClInclude>
    <ClInclude Include="..\include\Obj.h">
      <Filter>Header Files</Filter>
    </ClInclude>
    <ClInclude Include="..\include\Player.h">
      <Filter>Header Files</Filter>
    </ClInclude>
    <ClInclude Include="..\include\Status.h">
      <Filter>Header Files</Filter>
    </ClInclude>
    <ClInclude Include="..\include\tile.h">
      <Filter>Header Files</Filter>
    </ClInclude>
    <ClInclude Include="..\include\TileDealer.h">
      <Filter>Header Files</Filter>
    </ClInclude>
    <ClInclude Include="..\include\Turn.h">
      <Filter>Header Files</Filter>
    </ClInclude>
    <ClInclude Include="..\resources\SOIL.h">
      <Filter>resources</Filter>
    </ClInclude>
    <ClInclude Include="..\resources\tile.h">
      <Filter>resources</Filter>
    </ClInclude>
    <ClInclude Include="..\include\ScoreCalculator.h">
      <Filter>Header Files</Filter>
    </ClInclude>
  </ItemGroup>
  <ItemGroup>
    <ClCompile Include="..\Source Files\AIPlayer.cpp">
      <Filter>SourceFiles</Filter>
    </ClCompile>
    <ClCompile Include="..\Source Files\Draw.cpp">
      <Filter>SourceFiles</Filter>
    </ClCompile>
    <ClCompile Include="..\Source Files\Game.cpp">
      <Filter>SourceFiles</Filter>
    </ClCompile>
    <ClCompile Include="..\Source Files\HandEvaluator.cpp">
      <Filter>SourceFiles</Filter>
    </ClCompile>
    <ClCompile Include="..\Source Files\HumanPlayer.cpp">
      <Filter>SourceFiles</Filter>
    </ClCompile>
    <ClCompile Include="..\Source Files\main.cpp">
      <Filter>SourceFiles</Filter>
    </ClCompile>
    <ClCompile Include="..\Source Files\Obj.cpp">
      <Filter>SourceFiles</Filter>
    </ClCompile>
    <ClCompile Include="..\Source Files\Player.cpp">
      <Filter>SourceFiles</Filter>
    </ClCompile>
    <ClCompile Include="..\Source Files\Status.cpp">
      <Filter>SourceFiles</Filter>
    </ClCompile>
    <ClCompile Include="..\Source Files\Tile.cpp">
      <Filter>SourceFiles</Filter>
    </ClCompile>
    <ClCompile Include="..\Source Files\TileDealer.cpp">
      <Filter>SourceFiles</Filter>
    </ClCompile>
    <ClCompile Include="..\Source Files\Turn.cpp">
      <Filter>SourceFiles</Filter>
    </ClCompile>
    <ClCompile Include="..\Source Files\ScoreCalculator.cpp">
      <Filter>SourceFiles</Filter>
    </ClCompile>
  </ItemGroup>
  <ItemGroup>
    <None Include="..\resources\images\Thumbs.db">
      <Filter>resources\images</Filter>
    </None>
  </ItemGroup>
  <ItemGroup>
    <Image Include="..\resources\images\BambooTile(1).png">
      <Filter>resources\images</Filter>
    </Image>
    <Image Include="..\resources\images\BambooTile(2).png">
      <Filter>resources\images</Filter>
    </Image>
    <Image Include="..\resources\images\BambooTile(3).png">
      <Filter>resources\images</Filter>
    </Image>
    <Image Include="..\resources\images\BambooTile(4).png">
      <Filter>resources\images</Filter>
    </Image>
    <Image Include="..\resources\images\BambooTile(5).png">
      <Filter>resources\images</Filter>
    </Image>
    <Image Include="..\resources\images\BambooTile(6).png">
      <Filter>resources\images</Filter>
    </Image>
    <Image Include="..\resources\images\BambooTile(7).png">
      <Filter>resources\images</Filter>
    </Image>
    <Image Include="..\resources\images\BambooTile(8).png">
      <Filter>resources\images</Filter>
    </Image>
    <Image Include="..\resources\images\BambooTile(9).png">
      <Filter>resources\images</Filter>
    </Image>
    <Image Include="..\resources\images\CharacterTile(1).png">
      <Filter>resources\images</Filter>
    </Image>
    <Image Include="..\resources\images\CharacterTile(2).png">
      <Filter>resources\images</Filter>
    </Image>
    <Image Include="..\resources\images\CharacterTile(3).png">
      <Filter>resources\images</Filter>
    </Image>
    <Image Include="..\resources\images\CharacterTile(4).png">
      <Filter>resources\images</Filter>
    </Image>
    <Image Include="..\resources\images\CharacterTile(5).png">
      <Filter>resources\images</Filter>
    </Image>
    <Image Include="..\resources\images\CharacterTile(6).png">
      <Filter>resources\images</Filter>
    </Image>
    <Image Include="..\resources\images\CharacterTile(7).png">
      <Filter>resources\images</Filter>
    </Image>
    <Image Include="..\resources\images\CharacterTile(8).png">
      <Filter>resources\images</Filter>
    </Image>
    <Image Include="..\resources\images\CharacterTile(9).png">
      <Filter>resources\images</Filter>
    </Image>
    <Image Include="..\resources\images\CircleTile(1).png">
      <Filter>resources\images</Filter>
    </Image>
    <Image Include="..\resources\images\CircleTile(2).png">
      <Filter>resources\images</Filter>
    </Image>
    <Image Include="..\resources\images\CircleTile(3).png">
      <Filter>resources\images</Filter>
    </Image>
    <Image Include="..\resources\images\CircleTile(4).png">
      <Filter>resources\images</Filter>
    </Image>
    <Image Include="..\resources\images\CircleTile(5).png">
      <Filter>resources\images</Filter>
    </Image>
    <Image Include="..\resources\images\CircleTile(6).png">
      <Filter>resources\images</Filter>
    </Image>
    <Image Include="..\resources\images\CircleTile(7).png">
      <Filter>resources\images</Filter>
    </Image>
    <Image Include="..\resources\images\CircleTile(8).png">
      <Filter>resources\images</Filter>
    </Image>
    <Image Include="..\resources\images\CircleTile(9).png">
      <Filter>resources\images</Filter>
    </Image>
    <Image Include="..\resources\images\DragonTile(GREEN).png">
      <Filter>resources\images</Filter>
    </Image>
    <Image Include="..\resources\images\DragonTile(RED).png">
      <Filter>resources\images</Filter>
    </Image>
    <Image Include="..\resources\images\DragonTile(WHITE).png">
      <Filter>resources\images</Filter>
    </Image>
    <Image Include="..\resources\images\FlowerTile(BAMBOO).png">
      <Filter>resources\images</Filter>
    </Image>
    <Image Include="..\resources\images\FlowerTile(CHRYSANTHEMUM).png">
      <Filter>resources\images</Filter>
    </Image>
    <Image Include="..\resources\images\FlowerTile(ORCHID).png">
      <Filter>resources\images</Filter>
    </Image>
    <Image Include="..\resources\images\FlowerTile(PLUMB).png">
      <Filter>resources\images</Filter>
    </Image>
    <Image Include="..\resources\images\SeasonTile(AUTUMN).png">
      <Filter>resources\images</Filter>
    </Image>
    <Image Include="..\resources\images\SeasonTile(SPRING).png">
      <Filter>resources\images</Filter>
    </Image>
    <Image Include="..\resources\images\SeasonTile(SUMMER).png">
      <Filter>resources\images</Filter>
    </Image>
    <Image Include="..\resources\images\SeasonTile(WINTER).png">
      <Filter>resources\images</Filter>
    </Image>
    <Image Include="..\resources\images\WindTile(EAST).png">
      <Filter>resources\images</Filter>
    </Image>
    <Image Include="..\resources\images\WindTile(NORTH).png">
      <Filter>resources\images</Filter>
    </Image>
    <Image Include="..\resources\images\WindTile(SOUTH).png">
      <Filter>resources\images</Filter>
    </Image>
    <Image Include="..\resources\images\WindTile(WEST).png">
      <Filter>resources\images</Filter>
    </Image>
  </ItemGroup>
</Project>